
Microsoft Visual Studio Solution File, Format Version 12.00
# Visual Studio 15
VisualStudioVersion = 15.0.26124.0
MinimumVisualStudioVersion = 15.0.26124.0
Project("{FAE04EC0-301F-11D3-BF4B-00C04F79EFBC}") = "Domain", "Domain\Domain.csproj", "{58BA943F-9762-402F-AF4B-8CB7C56DBB5C}"
EndProject
Project("{FAE04EC0-301F-11D3-BF4B-00C04F79EFBC}") = "API", "API\API.csproj", "{E3417A81-D957-4605-9FCD-91F73CD1A730}"
EndProject
Project("{FAE04EC0-301F-11D3-BF4B-00C04F79EFBC}") = "Application", "Application\Application.csproj", "{0EFEB357-D0ED-4ECF-B327-F0D643D0F8B8}"
EndProject
Project("{FAE04EC0-301F-11D3-BF4B-00C04F79EFBC}") = "Persistence", "Persistence\Persistence.csproj", "{F24ACD97-6FE4-46BA-A0D4-4873E4502008}"
EndProject
Global
	GlobalSection(SolutionConfigurationPlatforms) = preSolution
		Debug|Any CPU = Debug|Any CPU
		Debug|x64 = Debug|x64
		Debug|x86 = Debug|x86
		Release|Any CPU = Release|Any CPU
		Release|x64 = Release|x64
		Release|x86 = Release|x86
	EndGlobalSection
	GlobalSection(SolutionProperties) = preSolution
		HideSolutionNode = FALSE
	EndGlobalSection
	GlobalSection(ProjectConfigurationPlatforms) = postSolution
		{58BA943F-9762-402F-AF4B-8CB7C56DBB5C}.Debug|Any CPU.ActiveCfg = Debug|Any CPU
		{58BA943F-9762-402F-AF4B-8CB7C56DBB5C}.Debug|Any CPU.Build.0 = Debug|Any CPU
		{58BA943F-9762-402F-AF4B-8CB7C56DBB5C}.Debug|x64.ActiveCfg = Debug|Any CPU
		{58BA943F-9762-402F-AF4B-8CB7C56DBB5C}.Debug|x64.Build.0 = Debug|Any CPU
		{58BA943F-9762-402F-AF4B-8CB7C56DBB5C}.Debug|x86.ActiveCfg = Debug|Any CPU
		{58BA943F-9762-402F-AF4B-8CB7C56DBB5C}.Debug|x86.Build.0 = Debug|Any CPU
		{58BA943F-9762-402F-AF4B-8CB7C56DBB5C}.Release|Any CPU.ActiveCfg = Release|Any CPU
		{58BA943F-9762-402F-AF4B-8CB7C56DBB5C}.Release|Any CPU.Build.0 = Release|Any CPU
		{58BA943F-9762-402F-AF4B-8CB7C56DBB5C}.Release|x64.ActiveCfg = Release|Any CPU
		{58BA943F-9762-402F-AF4B-8CB7C56DBB5C}.Release|x64.Build.0 = Release|Any CPU
		{58BA943F-9762-402F-AF4B-8CB7C56DBB5C}.Release|x86.ActiveCfg = Release|Any CPU
		{58BA943F-9762-402F-AF4B-8CB7C56DBB5C}.Release|x86.Build.0 = Release|Any CPU
		{E3417A81-D957-4605-9FCD-91F73CD1A730}.Debug|Any CPU.ActiveCfg = Debug|Any CPU
		{E3417A81-D957-4605-9FCD-91F73CD1A730}.Debug|Any CPU.Build.0 = Debug|Any CPU
		{E3417A81-D957-4605-9FCD-91F73CD1A730}.Debug|x64.ActiveCfg = Debug|Any CPU
		{E3417A81-D957-4605-9FCD-91F73CD1A730}.Debug|x64.Build.0 = Debug|Any CPU
		{E3417A81-D957-4605-9FCD-91F73CD1A730}.Debug|x86.ActiveCfg = Debug|Any CPU
		{E3417A81-D957-4605-9FCD-91F73CD1A730}.Debug|x86.Build.0 = Debug|Any CPU
		{E3417A81-D957-4605-9FCD-91F73CD1A730}.Release|Any CPU.ActiveCfg = Release|Any CPU
		{E3417A81-D957-4605-9FCD-91F73CD1A730}.Release|Any CPU.Build.0 = Release|Any CPU
		{E3417A81-D957-4605-9FCD-91F73CD1A730}.Release|x64.ActiveCfg = Release|Any CPU
		{E3417A81-D957-4605-9FCD-91F73CD1A730}.Release|x64.Build.0 = Release|Any CPU
		{E3417A81-D957-4605-9FCD-91F73CD1A730}.Release|x86.ActiveCfg = Release|Any CPU
		{E3417A81-D957-4605-9FCD-91F73CD1A730}.Release|x86.Build.0 = Release|Any CPU
		{0EFEB357-D0ED-4ECF-B327-F0D643D0F8B8}.Debug|Any CPU.ActiveCfg = Debug|Any CPU
		{0EFEB357-D0ED-4ECF-B327-F0D643D0F8B8}.Debug|Any CPU.Build.0 = Debug|Any CPU
		{0EFEB357-D0ED-4ECF-B327-F0D643D0F8B8}.Debug|x64.ActiveCfg = Debug|Any CPU
		{0EFEB357-D0ED-4ECF-B327-F0D643D0F8B8}.Debug|x64.Build.0 = Debug|Any CPU
		{0EFEB357-D0ED-4ECF-B327-F0D643D0F8B8}.Debug|x86.ActiveCfg = Debug|Any CPU
		{0EFEB357-D0ED-4ECF-B327-F0D643D0F8B8}.Debug|x86.Build.0 = Debug|Any CPU
		{0EFEB357-D0ED-4ECF-B327-F0D643D0F8B8}.Release|Any CPU.ActiveCfg = Release|Any CPU
		{0EFEB357-D0ED-4ECF-B327-F0D643D0F8B8}.Release|Any CPU.Build.0 = Release|Any CPU
		{0EFEB357-D0ED-4ECF-B327-F0D643D0F8B8}.Release|x64.ActiveCfg = Release|Any CPU
		{0EFEB357-D0ED-4ECF-B327-F0D643D0F8B8}.Release|x64.Build.0 = Release|Any CPU
		{0EFEB357-D0ED-4ECF-B327-F0D643D0F8B8}.Release|x86.ActiveCfg = Release|Any CPU
		{0EFEB357-D0ED-4ECF-B327-F0D643D0F8B8}.Release|x86.Build.0 = Release|Any CPU
		{F24ACD97-6FE4-46BA-A0D4-4873E4502008}.Debug|Any CPU.ActiveCfg = Debug|Any CPU
		{F24ACD97-6FE4-46BA-A0D4-4873E4502008}.Debug|Any CPU.Build.0 = Debug|Any CPU
		{F24ACD97-6FE4-46BA-A0D4-4873E4502008}.Debug|x64.ActiveCfg = Debug|Any CPU
		{F24ACD97-6FE4-46BA-A0D4-4873E4502008}.Debug|x64.Build.0 = Debug|Any CPU
		{F24ACD97-6FE4-46BA-A0D4-4873E4502008}.Debug|x86.ActiveCfg = Debug|Any CPU
		{F24ACD97-6FE4-46BA-A0D4-4873E4502008}.Debug|x86.Build.0 = Debug|Any CPU
		{F24ACD97-6FE4-46BA-A0D4-4873E4502008}.Release|Any CPU.ActiveCfg = Release|Any CPU
		{F24ACD97-6FE4-46BA-A0D4-4873E4502008}.Release|Any CPU.Build.0 = Release|Any CPU
		{F24ACD97-6FE4-46BA-A0D4-4873E4502008}.Release|x64.ActiveCfg = Release|Any CPU
		{F24ACD97-6FE4-46BA-A0D4-4873E4502008}.Release|x64.Build.0 = Release|Any CPU
		{F24ACD97-6FE4-46BA-A0D4-4873E4502008}.Release|x86.ActiveCfg = Release|Any CPU
		{F24ACD97-6FE4-46BA-A0D4-4873E4502008}.Release|x86.Build.0 = Release|Any CPU
	EndGlobalSection
EndGlobal
